// !$*UTF8*$!
{
	archiveVersion = 1;
	classes = {
	};
	objectVersion = 52;
	objects = {

/* Begin PBXBuildFile section */
		A6333204194B128300741D78 /* main.m in Sources */ = {isa = PBXBuildFile; fileRef = A6333203194B128300741D78 /* main.m */; };
		A6333207194B128300741D78 /* AppDelegate.m in Sources */ = {isa = PBXBuildFile; fileRef = A6333206194B128300741D78 /* AppDelegate.m */; };
		A633320A194B128300741D78 /* ViewController.m in Sources */ = {isa = PBXBuildFile; fileRef = A6333209194B128300741D78 /* ViewController.m */; };
		A633320D194B128300741D78 /* Main.storyboard in Resources */ = {isa = PBXBuildFile; fileRef = A633320B194B128300741D78 /* Main.storyboard */; };
		A633320F194B128300741D78 /* Images.xcassets in Resources */ = {isa = PBXBuildFile; fileRef = A633320E194B128300741D78 /* Images.xcassets */; };
		DC2FBE7326CB1E7C009125A9 /* TOMSMorphingLabel in Frameworks */ = {isa = PBXBuildFile; productRef = DC2FBE7226CB1E7C009125A9 /* TOMSMorphingLabel */; };
/* End PBXBuildFile section */

/* Begin PBXFileReference section */
		A63331FE194B128300741D78 /* TOMSMorphingLabelExample.app */ = {isa = PBXFileReference; explicitFileType = wrapper.application; includeInIndex = 0; path = TOMSMorphingLabelExample.app; sourceTree = BUILT_PRODUCTS_DIR; };
		A6333202194B128300741D78 /* Info.plist */ = {isa = PBXFileReference; lastKnownFileType = text.plist.xml; path = Info.plist; sourceTree = "<group>"; };
		A6333203194B128300741D78 /* main.m */ = {isa = PBXFileReference; lastKnownFileType = sourcecode.c.objc; path = main.m; sourceTree = "<group>"; };
		A6333205194B128300741D78 /* AppDelegate.h */ = {isa = PBXFileReference; lastKnownFileType = sourcecode.c.h; path = AppDelegate.h; sourceTree = "<group>"; };
		A6333206194B128300741D78 /* AppDelegate.m */ = {isa = PBXFileReference; lastKnownFileType = sourcecode.c.objc; path = AppDelegate.m; sourceTree = "<group>"; };
		A6333208194B128300741D78 /* ViewController.h */ = {isa = PBXFileReference; lastKnownFileType = sourcecode.c.h; path = ViewController.h; sourceTree = "<group>"; };
		A6333209194B128300741D78 /* ViewController.m */ = {isa = PBXFileReference; lastKnownFileType = sourcecode.c.objc; path = ViewController.m; sourceTree = "<group>"; };
		A633320C194B128300741D78 /* Base */ = {isa = PBXFileReference; lastKnownFileType = file.storyboard; name = Base; path = Base.lproj/Main.storyboard; sourceTree = "<group>"; };
		A633320E194B128300741D78 /* Images.xcassets */ = {isa = PBXFileReference; lastKnownFileType = folder.assetcatalog; path = Images.xcassets; sourceTree = "<group>"; };
		DCFD02A126CB1E1B00ED3D4A /* TOMSMorphingLabel */ = {isa = PBXFileReference; lastKnownFileType = folder; name = TOMSMorphingLabel; path = ..; sourceTree = "<group>"; };
/* End PBXFileReference section */

/* Begin PBXFrameworksBuildPhase section */
		A63331FB194B128300741D78 /* Frameworks */ = {
			isa = PBXFrameworksBuildPhase;
			buildActionMask = 2147483647;
			files = (
				DC2FBE7326CB1E7C009125A9 /* TOMSMorphingLabel in Frameworks */,
			);
			runOnlyForDeploymentPostprocessing = 0;
		};
/* End PBXFrameworksBuildPhase section */

/* Begin PBXGroup section */
		A63331F5194B128300741D78 = {
			isa = PBXGroup;
			children = (
				DCFD02A126CB1E1B00ED3D4A /* TOMSMorphingLabel */,
				A6333200194B128300741D78 /* TOMSMorphingLabelExample */,
				A63331FF194B128300741D78 /* Products */,
				DC2FBE7126CB1E7C009125A9 /* Frameworks */,
			);
			sourceTree = "<group>";
		};
		A63331FF194B128300741D78 /* Products */ = {
			isa = PBXGroup;
			children = (
				A63331FE194B128300741D78 /* TOMSMorphingLabelExample.app */,
			);
			name = Products;
			sourceTree = "<group>";
		};
		A6333200194B128300741D78 /* TOMSMorphingLabelExample */ = {
			isa = PBXGroup;
			children = (
				A6D13A29194B13C800587BAB /* Boilerplate */,
				A6333208194B128300741D78 /* ViewController.h */,
				A6333209194B128300741D78 /* ViewController.m */,
			);
			path = TOMSMorphingLabelExample;
			sourceTree = "<group>";
		};
		A6333201194B128300741D78 /* Supporting Files */ = {
			isa = PBXGroup;
			children = (
				A6333202194B128300741D78 /* Info.plist */,
				A6333203194B128300741D78 /* main.m */,
			);
			name = "Supporting Files";
			sourceTree = "<group>";
		};
		A6D13A29194B13C800587BAB /* Boilerplate */ = {
			isa = PBXGroup;
			children = (
				A6333205194B128300741D78 /* AppDelegate.h */,
				A6333206194B128300741D78 /* AppDelegate.m */,
				A633320B194B128300741D78 /* Main.storyboard */,
				A633320E194B128300741D78 /* Images.xcassets */,
				A6333201194B128300741D78 /* Supporting Files */,
			);
			name = Boilerplate;
			sourceTree = "<group>";
		};
		DC2FBE7126CB1E7C009125A9 /* Frameworks */ = {
			isa = PBXGroup;
			children = (
			);
			name = Frameworks;
			sourceTree = "<group>";
		};
/* End PBXGroup section */

/* Begin PBXNativeTarget section */
		A63331FD194B128300741D78 /* TOMSMorphingLabelExample */ = {
			isa = PBXNativeTarget;
			buildConfigurationList = A633321E194B128300741D78 /* Build configuration list for PBXNativeTarget "TOMSMorphingLabelExample" */;
			buildPhases = (
				A63331FA194B128300741D78 /* Sources */,
				A63331FB194B128300741D78 /* Frameworks */,
				A63331FC194B128300741D78 /* Resources */,
			);
			buildRules = (
			);
			dependencies = (
			);
			name = TOMSMorphingLabelExample;
			packageProductDependencies = (
				DC2FBE7226CB1E7C009125A9 /* TOMSMorphingLabel */,
			);
			productName = TOMSMorphingLabelExample;
			productReference = A63331FE194B128300741D78 /* TOMSMorphingLabelExample.app */;
			productType = "com.apple.product-type.application";
		};
/* End PBXNativeTarget section */

/* Begin PBXProject section */
		A63331F6194B128300741D78 /* Project object */ = {
			isa = PBXProject;
			attributes = {
				LastUpgradeCheck = 0600;
				ORGANIZATIONNAME = TomKnig;
				TargetAttributes = {
					A63331FD194B128300741D78 = {
						CreatedOnToolsVersion = 6.0;
					};
				};
			};
			buildConfigurationList = A63331F9194B128300741D78 /* Build configuration list for PBXProject "TOMSMorphingLabelExample" */;
			compatibilityVersion = "Xcode 3.2";
			developmentRegion = en;
			hasScannedForEncodings = 0;
			knownRegions = (
				en,
				Base,
			);
			mainGroup = A63331F5194B128300741D78;
			productRefGroup = A63331FF194B128300741D78 /* Products */;
			projectDirPath = "";
			projectRoot = "";
			targets = (
				A63331FD194B128300741D78 /* TOMSMorphingLabelExample */,
			);
		};
/* End PBXProject section */

/* Begin PBXResourcesBuildPhase section */
		A63331FC194B128300741D78 /* Resources */ = {
			isa = PBXResourcesBuildPhase;
			buildActionMask = 2147483647;
			files = (
				A633320D194B128300741D78 /* Main.storyboard in Resources */,
				A633320F194B128300741D78 /* Images.xcassets in Resources */,
			);
			runOnlyForDeploymentPostprocessing = 0;
		};
/* End PBXResourcesBuildPhase section */

/* Begin PBXSourcesBuildPhase section */
		A63331FA194B128300741D78 /* Sources */ = {
			isa = PBXSourcesBuildPhase;
			buildActionMask = 2147483647;
			files = (
				A633320A194B128300741D78 /* ViewController.m in Sources */,
				A6333207194B128300741D78 /* AppDelegate.m in Sources */,
				A6333204194B128300741D78 /* main.m in Sources */,
			);
			runOnlyForDeploymentPostprocessing = 0;
		};
/* End PBXSourcesBuildPhase section */

/* Begin PBXVariantGroup section */
		A633320B194B128300741D78 /* Main.storyboard */ = {
			isa = PBXVariantGroup;
			children = (
				A633320C194B128300741D78 /* Base */,
			);
			name = Main.storyboard;
			sourceTree = "<group>";
		};
/* End PBXVariantGroup section */

/* Begin XCBuildConfiguration section */
		A633321C194B128300741D78 /* Debug */ = {
			isa = XCBuildConfiguration;
			buildSettings = {
				ALWAYS_SEARCH_USER_PATHS = NO;
				CLANG_CXX_LANGUAGE_STANDARD = "gnu++0x";
				CLANG_CXX_LIBRARY = "libc++";
				CLANG_ENABLE_MODULES = YES;
				CLANG_ENABLE_OBJC_ARC = YES;
				CLANG_WARN_BOOL_CONVERSION = YES;
				CLANG_WARN_CONSTANT_CONVERSION = YES;
				CLANG_WARN_DIRECT_OBJC_ISA_USAGE = YES_ERROR;
				CLANG_WARN_EMPTY_BODY = YES;
				CLANG_WARN_ENUM_CONVERSION = YES;
				CLANG_WARN_INT_CONVERSION = YES;
				CLANG_WARN_OBJC_ROOT_CLASS = YES_ERROR;
				CLANG_WARN_UNREACHABLE_CODE = YES;
				CLANG_WARN__DUPLICATE_METHOD_MATCH = YES;
				"CODE_SIGN_IDENTITY[sdk=iphoneos*]" = "iPhone Developer";
				COPY_PHASE_STRIP = NO;
				ENABLE_STRICT_OBJC_MSGSEND = YES;
				GCC_C_LANGUAGE_STANDARD = gnu99;
				GCC_DYNAMIC_NO_PIC = NO;
				GCC_OPTIMIZATION_LEVEL = 0;
				GCC_PREPROCESSOR_DEFINITIONS = (
					"DEBUG=1",
					"$(inherited)",
				);
				GCC_SYMBOLS_PRIVATE_EXTERN = NO;
				GCC_WARN_64_TO_32_BIT_CONVERSION = YES;
				GCC_WARN_ABOUT_RETURN_TYPE = YES_ERROR;
				GCC_WARN_UNDECLARED_SELECTOR = YES;
				GCC_WARN_UNINITIALIZED_AUTOS = YES_AGGRESSIVE;
				GCC_WARN_UNUSED_FUNCTION = YES;
				GCC_WARN_UNUSED_VARIABLE = YES;
				IPHONEOS_DEPLOYMENT_TARGET = 6.0;
				METAL_ENABLE_DEBUG_INFO = YES;
				ONLY_ACTIVE_ARCH = YES;
				SDKROOT = iphoneos;
			};
			name = Debug;
		};
		A633321D194B128300741D78 /* Release */ = {
			isa = XCBuildConfiguration;
			buildSettings = {
				ALWAYS_SEARCH_USER_PATHS = NO;
				CLANG_CXX_LANGUAGE_STANDARD = "gnu++0x";
				CLANG_CXX_LIBRARY = "libc++";
				CLANG_ENABLE_MODULES = YES;
				CLANG_ENABLE_OBJC_ARC = YES;
				CLANG_WARN_BOOL_CONVERSION = YES;
				CLANG_WARN_CONSTANT_CONVERSION = YES;
				CLANG_WARN_DIRECT_OBJC_ISA_USAGE = YES_ERROR;
				CLANG_WARN_EMPTY_BODY = YES;
				CLANG_WARN_ENUM_CONVERSION = YES;
				CLANG_WARN_INT_CONVERSION = YES;
				CLANG_WARN_OBJC_ROOT_CLASS = YES_ERROR;
				CLANG_WARN_UNREACHABLE_CODE = YES;
				CLANG_WARN__DUPLICATE_METHOD_MATCH = YES;
				"CODE_SIGN_IDENTITY[sdk=iphoneos*]" = "iPhone Developer";
				COPY_PHASE_STRIP = YES;
				ENABLE_NS_ASSERTIONS = NO;
				ENABLE_STRICT_OBJC_MSGSEND = YES;
				GCC_C_LANGUAGE_STANDARD = gnu99;
				GCC_WARN_64_TO_32_BIT_CONVERSION = YES;
				GCC_WARN_ABOUT_RETURN_TYPE = YES_ERROR;
				GCC_WARN_UNDECLARED_SELECTOR = YES;
				GCC_WARN_UNINITIALIZED_AUTOS = YES_AGGRESSIVE;
				GCC_WARN_UNUSED_FUNCTION = YES;
				GCC_WARN_UNUSED_VARIABLE = YES;
				IPHONEOS_DEPLOYMENT_TARGET = 6.0;
				METAL_ENABLE_DEBUG_INFO = NO;
				SDKROOT = iphoneos;
				VALIDATE_PRODUCT = YES;
			};
			name = Release;
		};
		A633321F194B128300741D78 /* Debug */ = {
			isa = XCBuildConfiguration;
			buildSettings = {
				ASSETCATALOG_COMPILER_APPICON_NAME = AppIcon;
				ASSETCATALOG_COMPILER_LAUNCHIMAGE_NAME = LaunchImage;
				INFOPLIST_FILE = TOMSMorphingLabelExample/Info.plist;
				LD_RUNPATH_SEARCH_PATHS = (
					"$(inherited)",
					"@executable_path/Frameworks",
				);
				PRODUCT_NAME = "$(TARGET_NAME)";
			};
			name = Debug;
		};
		A6333220194B128300741D78 /* Release */ = {
			isa = XCBuildConfiguration;
			buildSettings = {
				ASSETCATALOG_COMPILER_APPICON_NAME = AppIcon;
				ASSETCATALOG_COMPILER_LAUNCHIMAGE_NAME = LaunchImage;
				INFOPLIST_FILE = TOMSMorphingLabelExample/Info.plist;
				LD_RUNPATH_SEARCH_PATHS = (
					"$(inherited)",
					"@executable_path/Frameworks",
				);
				PRODUCT_NAME = "$(TARGET_NAME)";
			};
			name = Release;
		};
/* End XCBuildConfiguration section */

/* Begin XCConfigurationList section */
		A63331F9194B128300741D78 /* Build configuration list for PBXProject "TOMSMorphingLabelExample" */ = {
			isa = XCConfigurationList;
			buildConfigurations = (
				A633321C194B128300741D78 /* Debug */,
				A633321D194B128300741D78 /* Release */,
			);
			defaultConfigurationIsVisible = 0;
			defaultConfigurationName = Release;
		};
		A633321E194B128300741D78 /* Build configuration list for PBXNativeTarget "TOMSMorphingLabelExample" */ = {
			isa = XCConfigurationList;
			buildConfigurations = (
				A633321F194B128300741D78 /* Debug */,
				A6333220194B128300741D78 /* Release */,
			);
			defaultConfigurationIsVisible = 0;
			defaultConfigurationName = Release;
		};
/* End XCConfigurationList section */

/* Begin XCSwiftPackageProductDependency section */
		DC2FBE7226CB1E7C009125A9 /* TOMSMorphingLabel */ = {
			isa = XCSwiftPackageProductDependency;
			productName = TOMSMorphingLabel;
		};
/* End XCSwiftPackageProductDependency section */
	};
	rootObject = A63331F6194B128300741D78 /* Project object */;
}
